
Microsoft Visual Studio Solution File, Format Version 12.00
# Visual Studio Version 16
VisualStudioVersion = 16.0.32802.440
MinimumVisualStudioVersion = 10.0.40219.1
Project("{8BC9CEB8-8B4A-11D0-8D11-00A0C91BC942}") = "teamwork", "teamwork.vcxproj", "{01C205CA-5B1F-4884-891D-46C640B1C7F2}"
EndProject
Global
	GlobalSection(SolutionConfigurationPlatforms) = preSolution
		Debug|x64 = Debug|x64
		Debug|x86 = Debug|x86
		Release|x64 = Release|x64
		Release|x86 = Release|x86
	EndGlobalSection
	GlobalSection(ProjectConfigurationPlatforms) = postSolution
		{01C205CA-5B1F-4884-891D-46C640B1C7F2}.Debug|x64.ActiveCfg = Debug|x64
		{01C205CA-5B1F-4884-891D-46C640B1C7F2}.Debug|x64.Build.0 = Debug|x64
		{01C205CA-5B1F-4884-891D-46C640B1C7F2}.Debug|x86.ActiveCfg = Debug|Win32
		{01C205CA-5B1F-4884-891D-46C640B1C7F2}.Debug|x86.Build.0 = Debug|Win32
		{01C205CA-5B1F-4884-891D-46C640B1C7F2}.Release|x64.ActiveCfg = Release|x64
		{01C205CA-5B1F-4884-891D-46C640B1C7F2}.Release|x64.Build.0 = Release|x64
		{01C205CA-5B1F-4884-891D-46C640B1C7F2}.Release|x86.ActiveCfg = Release|Win32
		{01C205CA-5B1F-4884-891D-46C640B1C7F2}.Release|x86.Build.0 = Release|Win32
	EndGlobalSection
	GlobalSection(SolutionProperties) = preSolution
		HideSolutionNode = FALSE
	EndGlobalSection
	GlobalSection(ExtensibilityGlobals) = postSolution
		SolutionGuid = {171AAEB8-B85C-4BE1-A8BB-41C53467BB08}
	EndGlobalSection
EndGlobal
